
Microsoft Visual Studio Solution File, Format Version 12.00
# Visual Studio Version 17
VisualStudioVersion = 17.5.33516.290
MinimumVisualStudioVersion = 10.0.40219.1
Project("{FAE04EC0-301F-11D3-BF4B-00C04F79EFBC}") = "ListArticles.Application", "ListArticles.Application\ListArticles.Application.csproj", "{73FE8D16-5F5E-454B-B2FE-DB7E34A3AD1D}"
EndProject
Project("{FAE04EC0-301F-11D3-BF4B-00C04F79EFBC}") = "ListArticles.Infrastructure", "ListArticles.Infrastructure\ListArticles.Infrastructure.csproj", "{736B84E5-4883-446C-A70C-489E8FB3FCD2}"
EndProject
Project("{FAE04EC0-301F-11D3-BF4B-00C04F79EFBC}") = "ListArticles.Domain", "ListArticles.Domain\ListArticles.Domain.csproj", "{D526D703-95E9-485D-A58E-A10D7F4819CA}"
EndProject
Project("{FAE04EC0-301F-11D3-BF4B-00C04F79EFBC}") = "ListArticles.Presentation", "ListArticles.Presentation\ListArticles.Presentation.csproj", "{BF0CDEC0-7B36-4C2F-8553-8667A3459C50}"
EndProject
Project("{FAE04EC0-301F-11D3-BF4B-00C04F79EFBC}") = "ListArticles.CrossCutting", "ListArticles.CrossCutting\ListArticles.CrossCutting.csproj", "{81A79B06-BD90-4E39-B5A8-49A323145FD3}"
EndProject
Global
	GlobalSection(SolutionConfigurationPlatforms) = preSolution
		Debug|Any CPU = Debug|Any CPU
		Release|Any CPU = Release|Any CPU
	EndGlobalSection
	GlobalSection(ProjectConfigurationPlatforms) = postSolution
		{73FE8D16-5F5E-454B-B2FE-DB7E34A3AD1D}.Debug|Any CPU.ActiveCfg = Debug|Any CPU
		{73FE8D16-5F5E-454B-B2FE-DB7E34A3AD1D}.Debug|Any CPU.Build.0 = Debug|Any CPU
		{73FE8D16-5F5E-454B-B2FE-DB7E34A3AD1D}.Release|Any CPU.ActiveCfg = Release|Any CPU
		{73FE8D16-5F5E-454B-B2FE-DB7E34A3AD1D}.Release|Any CPU.Build.0 = Release|Any CPU
		{736B84E5-4883-446C-A70C-489E8FB3FCD2}.Debug|Any CPU.ActiveCfg = Debug|Any CPU
		{736B84E5-4883-446C-A70C-489E8FB3FCD2}.Debug|Any CPU.Build.0 = Debug|Any CPU
		{736B84E5-4883-446C-A70C-489E8FB3FCD2}.Release|Any CPU.ActiveCfg = Release|Any CPU
		{736B84E5-4883-446C-A70C-489E8FB3FCD2}.Release|Any CPU.Build.0 = Release|Any CPU
		{D526D703-95E9-485D-A58E-A10D7F4819CA}.Debug|Any CPU.ActiveCfg = Debug|Any CPU
		{D526D703-95E9-485D-A58E-A10D7F4819CA}.Debug|Any CPU.Build.0 = Debug|Any CPU
		{D526D703-95E9-485D-A58E-A10D7F4819CA}.Release|Any CPU.ActiveCfg = Release|Any CPU
		{D526D703-95E9-485D-A58E-A10D7F4819CA}.Release|Any CPU.Build.0 = Release|Any CPU
		{BF0CDEC0-7B36-4C2F-8553-8667A3459C50}.Debug|Any CPU.ActiveCfg = Debug|Any CPU
		{BF0CDEC0-7B36-4C2F-8553-8667A3459C50}.Debug|Any CPU.Build.0 = Debug|Any CPU
		{BF0CDEC0-7B36-4C2F-8553-8667A3459C50}.Release|Any CPU.ActiveCfg = Release|Any CPU
		{BF0CDEC0-7B36-4C2F-8553-8667A3459C50}.Release|Any CPU.Build.0 = Release|Any CPU
		{81A79B06-BD90-4E39-B5A8-49A323145FD3}.Debug|Any CPU.ActiveCfg = Debug|Any CPU
		{81A79B06-BD90-4E39-B5A8-49A323145FD3}.Debug|Any CPU.Build.0 = Debug|Any CPU
		{81A79B06-BD90-4E39-B5A8-49A323145FD3}.Release|Any CPU.ActiveCfg = Release|Any CPU
		{81A79B06-BD90-4E39-B5A8-49A323145FD3}.Release|Any CPU.Build.0 = Release|Any CPU
	EndGlobalSection
	GlobalSection(SolutionProperties) = preSolution
		HideSolutionNode = FALSE
	EndGlobalSection
	GlobalSection(ExtensibilityGlobals) = postSolution
		SolutionGuid = {495873FD-1D82-4004-BB10-CCB8B0BD7B92}
	EndGlobalSection
EndGlobal
